{"1.1.0",
[{<<"backoff">>,{pkg,<<"backoff">>,<<"1.1.6">>},1},
 {<<"base32">>,{pkg,<<"base32">>,<<"0.1.0">>},0},
 {<<"gleam_stdlib">>,
  {git,"git://github.com/gleam-lang/stdlib.git",
       {ref,"c3be00d7c1a869c94236887bc539af4998e64cd2"}},
  0},
 {<<"midas">>,
  {git,"git://github.com/midas-framework/midas.git",
       {ref,"6f78ca642d29f912e3eac78c192e2c36c0d8b635"}},
  0},
 {<<"pg_types">>,{pkg,<<"pg_types">>,<<"0.2.0">>},1},
 {<<"pgo">>,{pkg,<<"pgo">>,<<"0.11.0">>},0},
 {<<"telemetry">>,{pkg,<<"telemetry">>,<<"0.4.1">>},1}]}.
[
{pkg_hash,[
 {<<"backoff">>, <<"83B72ED2108BA1EE8F7D1C22E0B4A00CFE3593A67DBC792799E8CCE9F42F796B">>},
 {<<"base32">>, <<"044F6DC95709727CA2176F3E97A41DDAA76B5BC690D3536908618C0CB32616A2">>},
 {<<"pg_types">>, <<"B73A0409CB94183226547EDF10793F6B3AD00E098B8D70354EF3886C0F95F2F6">>},
 {<<"pgo">>, <<"66D5608192BF36511F72696DCBB73A8C8D44210E17DDACD15C18F9511E49549B">>},
 {<<"telemetry">>, <<"AE2718484892448A24470E6AA341BC847C3277BFB8D4E9289F7474D752C09C7F">>}]}
].
